
Microsoft Visual Studio Solution File, Format Version 12.00
# Visual Studio Version 16
VisualStudioVersion = 16.0.28917.181
MinimumVisualStudioVersion = 10.0.40219.1
Project("{FAE04EC0-301F-11D3-BF4B-00C04F79EFBC}") = "RepacerWPF", "RepacerWPF.csproj", "{B814E7C3-40FE-4520-AA89-EC6B264925DA}"
EndProject
Global
	GlobalSection(SolutionConfigurationPlatforms) = preSolution
		Debug|Any CPU = Debug|Any CPU
		Debug|x64 = Debug|x64
		Release|Any CPU = Release|Any CPU
		Release|x64 = Release|x64
		ReleaseV3|Any CPU = ReleaseV3|Any CPU
		ReleaseV3|x64 = ReleaseV3|x64
	EndGlobalSection
	GlobalSection(ProjectConfigurationPlatforms) = postSolution
		{B814E7C3-40FE-4520-AA89-EC6B264925DA}.Debug|Any CPU.ActiveCfg = Debug|Any CPU
		{B814E7C3-40FE-4520-AA89-EC6B264925DA}.Debug|Any CPU.Build.0 = Debug|Any CPU
		{B814E7C3-40FE-4520-AA89-EC6B264925DA}.Debug|x64.ActiveCfg = Debug|x64
		{B814E7C3-40FE-4520-AA89-EC6B264925DA}.Debug|x64.Build.0 = Debug|x64
		{B814E7C3-40FE-4520-AA89-EC6B264925DA}.Release|Any CPU.ActiveCfg = Debug|Any CPU
		{B814E7C3-40FE-4520-AA89-EC6B264925DA}.Release|Any CPU.Build.0 = Debug|Any CPU
		{B814E7C3-40FE-4520-AA89-EC6B264925DA}.Release|x64.ActiveCfg = Debug|x64
		{B814E7C3-40FE-4520-AA89-EC6B264925DA}.Release|x64.Build.0 = Debug|x64
		{B814E7C3-40FE-4520-AA89-EC6B264925DA}.ReleaseV3|Any CPU.ActiveCfg = ReleaseV3|Any CPU
		{B814E7C3-40FE-4520-AA89-EC6B264925DA}.ReleaseV3|Any CPU.Build.0 = ReleaseV3|Any CPU
		{B814E7C3-40FE-4520-AA89-EC6B264925DA}.ReleaseV3|x64.ActiveCfg = ReleaseV3|x64
		{B814E7C3-40FE-4520-AA89-EC6B264925DA}.ReleaseV3|x64.Build.0 = ReleaseV3|x64
	EndGlobalSection
	GlobalSection(SolutionProperties) = preSolution
		HideSolutionNode = FALSE
	EndGlobalSection
	GlobalSection(ExtensibilityGlobals) = postSolution
		SolutionGuid = {73596A35-30B8-4E09-9248-3E056D73E321}
	EndGlobalSection
EndGlobal
